{
  "R": {
    "Version": "4.6.1",
    "Repositories": [
      {
        "Name": "CRAN",
        "URL": "https://cloud.r-project.org"
      }
    ]
  },
  "Packages": {
    "R6": {
      "Package": "R6",
      "Version": "2.6.1",
      "Source": "Repository",
      "Depends": [
        "R (>= 3.6)"
      ],
      "NeedsCompilation": "no",
      "Repository": "CRAN"
    },
    "Rcpp": {
      "Package": "Rcpp",
      "Version": "1.1.2",
      "Source": "Repository",
      "Depends": [
        "R (>= 3.5.0)"
      ],
      "Imports": [
        "methods",
        "utils"
      ],
      "NeedsCompilation": "yes",
      "Repository": "CRAN"
    },
    "base64enc": {
      "Package": "base64enc",
      "Version": "0.1-6",
      "Source": "Repository",
      "Depends": [
        "R (>= 2.9.0)"
      ],
      "NeedsCompilation": "yes",
      "Repository": "CRAN"
    },
    "bslib": {
      "Package": "bslib",
      "Version": "0.11.0",
      "Source": "Repository",
      "Depends": [
        "R (>= 2.10)"
      ],
      "Imports": [
        "base64enc",
        "cachem",
        "fastmap (>= 1.1.1)",
        "grDevices",
        "htmltools (>= 0.5.8)",
        "jquerylib (>= 0.1.3)",
        "jsonlite",
        "lifecycle",
        "memoise (>= 2.0.1)",
        "mime",
        "rlang",
        "sass (>= 0.4.9)"
      ],
      "NeedsCompilation": "no",
      "Repository": "CRAN"
    },
    "cachem": {
      "Package": "cachem",
      "Version": "1.1.0",
      "Source": "Repository",
      "Imports": [
        "rlang",
        "fastmap (>= 1.2.0)"
      ],
      "NeedsCompilation": "yes",
      "Repository": "CRAN"
    },
    "cli": {
      "Package": "cli",
      "Version": "3.6.6",
      "Source": "Repository",
      "Depends": [
        "R (>= 3.4)"
      ],
      "Imports": [
        "utils"
      ],
      "NeedsCompilation": "yes",
      "Repository": "CRAN"
    },
    "commonmark": {
      "Package": "commonmark",
      "Version": "2.0.0",
      "Source": "Repository",
      "NeedsCompilation": "yes",
      "Repository": "CRAN"
    },
    "digest": {
      "Package": "digest",
      "Version": "0.6.39",
      "Source": "Repository",
      "Depends": [
        "R (>= 3.3.0)"
      ],
      "Imports": [
        "utils"
      ],
      "NeedsCompilation": "yes",
      "Repository": "CRAN"
    },
    "fastmap": {
      "Package": "fastmap",
      "Version": "1.2.0",
      "Source": "Repository",
      "NeedsCompilation": "yes",
      "Repository": "CRAN"
    },
    "fontawesome": {
      "Package": "fontawesome",
      "Version": "0.5.3",
      "Source": "Repository",
      "Depends": [
        "R (>= 3.3.0)"
      ],
      "Imports": [
        "rlang (>= 1.0.6)",
        "htmltools (>= 0.5.1.1)"
      ],
      "NeedsCompilation": "no",
      "Repository": "CRAN"
    },
    "fs": {
      "Package": "fs",
      "Version": "2.1.0",
      "Source": "Repository",
      "Depends": [
        "R (>= 4.1)"
      ],
      "Imports": [
        "methods"
      ],
      "NeedsCompilation": "yes",
      "Repository": "CRAN"
    },
    "glue": {
      "Package": "glue",
      "Version": "1.8.1",
      "Source": "Repository",
      "Depends": [
        "R (>= 4.1)"
      ],
      "Imports": [
        "methods"
      ],
      "NeedsCompilation": "yes",
      "Repository": "CRAN"
    },
    "htmltools": {
      "Package": "htmltools",
      "Version": "0.5.9",
      "Source": "Repository",
      "Depends": [
        "R (>= 2.14.1)"
      ],
      "Imports": [
        "base64enc",
        "digest",
        "fastmap (>= 1.1.0)",
        "grDevices",
        "rlang (>= 1.0.0)",
        "utils"
      ],
      "NeedsCompilation": "yes",
      "Repository": "CRAN"
    },
    "httpuv": {
      "Package": "httpuv",
      "Version": "1.6.17",
      "Source": "Repository",
      "Depends": [
        "R (>= 2.15.1)"
      ],
      "Imports": [
        "later (>= 0.8.0)",
        "promises",
        "R6",
        "Rcpp (>= 1.0.7)",
        "utils"
      ],
      "LinkingTo": [
        "later",
        "Rcpp"
      ],
      "NeedsCompilation": "yes",
      "Repository": "CRAN"
    },
    "jquerylib": {
      "Package": "jquerylib",
      "Version": "0.1.4",
      "Source": "Repository",
      "Imports": [
        "htmltools"
      ],
      "NeedsCompilation": "no",
      "Repository": "CRAN"
    },
    "jsonlite": {
      "Package": "jsonlite",
      "Version": "2.0.0",
      "Source": "Repository",
      "Depends": [
        "methods"
      ],
      "NeedsCompilation": "yes",
      "Repository": "CRAN"
    },
    "later": {
      "Package": "later",
      "Version": "1.4.8",
      "Source": "Repository",
      "Depends": [
        "R (>= 3.5)"
      ],
      "Imports": [
        "Rcpp (>= 1.0.10)",
        "rlang"
      ],
      "LinkingTo": [
        "Rcpp"
      ],
      "NeedsCompilation": "yes",
      "Repository": "CRAN"
    },
    "lifecycle": {
      "Package": "lifecycle",
      "Version": "1.0.5",
      "Source": "Repository",
      "Depends": [
        "R (>= 3.6)"
      ],
      "Imports": [
        "cli (>= 3.4.0)",
        "rlang (>= 1.1.0)"
      ],
      "NeedsCompilation": "no",
      "Repository": "CRAN"
    },
    "magrittr": {
      "Package": "magrittr",
      "Version": "2.0.5",
      "Source": "Repository",
      "Depends": [
        "R (>= 3.4.0)"
      ],
      "NeedsCompilation": "yes",
      "Repository": "CRAN"
    },
    "memoise": {
      "Package": "memoise",
      "Version": "2.0.1",
      "Source": "Repository",
      "Imports": [
        "rlang (>= 0.4.10)",
        "cachem"
      ],
      "NeedsCompilation": "no",
      "Repository": "CRAN"
    },
    "mime": {
      "Package": "mime",
      "Version": "0.13",
      "Source": "Repository",
      "Imports": [
        "tools"
      ],
      "NeedsCompilation": "yes",
      "Repository": "CRAN"
    },
    "otel": {
      "Package": "otel",
      "Version": "0.2.0",
      "Source": "Repository",
      "Depends": [
        "R (>= 3.6.0)"
      ],
      "NeedsCompilation": "no",
      "Repository": "CRAN"
    },
    "promises": {
      "Package": "promises",
      "Version": "1.5.0",
      "Source": "Repository",
      "Depends": [
        "R (>= 4.1.0)"
      ],
      "Imports": [
        "fastmap (>= 1.1.0)",
        "later",
        "lifecycle",
        "magrittr (>= 1.5)",
        "otel (>= 0.2.0)",
        "R6",
        "rlang"
      ],
      "NeedsCompilation": "no",
      "Repository": "CRAN"
    },
    "rappdirs": {
      "Package": "rappdirs",
      "Version": "0.3.4",
      "Source": "Repository",
      "Depends": [
        "R (>= 4.1)"
      ],
      "NeedsCompilation": "yes",
      "Repository": "CRAN"
    },
    "renv": {
      "Package": "renv",
      "Version": "1.2.3",
      "Source": "Repository",
      "Imports": [
        "utils"
      ],
      "NeedsCompilation": "no",
      "Repository": "CRAN"
    },
    "rlang": {
      "Package": "rlang",
      "Version": "1.3.0",
      "Source": "Repository",
      "Depends": [
        "R (>= 4.0.0)"
      ],
      "Imports": [
        "utils"
      ],
      "NeedsCompilation": "yes",
      "Repository": "CRAN"
    },
    "sass": {
      "Package": "sass",
      "Version": "0.4.10",
      "Source": "Repository",
      "Imports": [
        "fs (>= 1.2.4)",
        "rlang (>= 0.4.10)",
        "htmltools (>= 0.5.1)",
        "R6",
        "rappdirs"
      ],
      "NeedsCompilation": "yes",
      "Repository": "CRAN"
    },
    "shiny": {
      "Package": "shiny",
      "Version": "1.14.0",
      "Source": "Repository",
      "Depends": [
        "methods",
        "R (>= 3.1.2)"
      ],
      "Imports": [
        "bslib (>= 0.6.0)",
        "cachem (>= 1.1.0)",
        "cli",
        "commonmark (>= 2.0.0)",
        "fastmap (>= 1.1.1)",
        "fontawesome (>= 0.4.0)",
        "glue (>= 1.3.2)",
        "grDevices",
        "htmltools (>= 0.5.4)",
        "httpuv (>= 1.5.2)",
        "jsonlite (>= 0.9.16)",
        "later (>= 1.0.0)",
        "lifecycle (>= 0.2.0)",
        "mime (>= 0.3)",
        "otel",
        "promises (>= 1.5.0)",
        "R6 (>= 2.0)",
        "rlang (>= 0.4.10)",
        "sourcetools",
        "tools",
        "utils",
        "withr",
        "xtable"
      ],
      "NeedsCompilation": "no",
      "Repository": "CRAN"
    },
    "sourcetools": {
      "Package": "sourcetools",
      "Version": "0.1.7-2",
      "Source": "Repository",
      "Depends": [
        "R (>= 3.0.2)"
      ],
      "NeedsCompilation": "yes",
      "Repository": "CRAN"
    },
    "withr": {
      "Package": "withr",
      "Version": "3.0.3",
      "Source": "Repository",
      "Depends": [
        "R (>= 3.6.0)"
      ],
      "Imports": [
        "graphics",
        "grDevices"
      ],
      "NeedsCompilation": "no",
      "Repository": "CRAN"
    },
    "xtable": {
      "Package": "xtable",
      "Version": "1.8-8",
      "Source": "Repository",
      "Imports": [
        "stats",
        "utils",
        "methods"
      ],
      "Depends": [
        "R (>= 2.10.0)"
      ],
      "Repository": "CRAN",
      "NeedsCompilation": "no"
    }
  }
}
